
Microsoft Visual Studio Solution File, Format Version 12.00
# Visual Studio Version 16
VisualStudioVersion = 16.0.31702.278
MinimumVisualStudioVersion = 10.0.40219.1
Project("{9A19103F-16F7-4668-BE54-9A1E7A4F7556}") = "MVCMovie", "MVCMovie\MVCMovie.csproj", "{6B2EF78B-5BDF-4AC9-958F-CA75C65A573E}"
EndProject
Project("{9A19103F-16F7-4668-BE54-9A1E7A4F7556}") = "MvcFood", "MvcFood\MvcFood.csproj", "{3278A7A9-ADC9-4D86-BF67-17F2327420CB}"
EndProject
Project("{FAE04EC0-301F-11D3-BF4B-00C04F79EFBC}") = "ContosoUniversity", "ContosoUniversity\ContosoUniversity.csproj", "{5ACBEB64-41F2-437D-B4A2-8702E61B06C1}"
EndProject
Global
	GlobalSection(SolutionConfigurationPlatforms) = preSolution
		Debug|Any CPU = Debug|Any CPU
		Release|Any CPU = Release|Any CPU
	EndGlobalSection
	GlobalSection(ProjectConfigurationPlatforms) = postSolution
		{6B2EF78B-5BDF-4AC9-958F-CA75C65A573E}.Debug|Any CPU.ActiveCfg = Debug|Any CPU
		{6B2EF78B-5BDF-4AC9-958F-CA75C65A573E}.Debug|Any CPU.Build.0 = Debug|Any CPU
		{6B2EF78B-5BDF-4AC9-958F-CA75C65A573E}.Release|Any CPU.ActiveCfg = Release|Any CPU
		{6B2EF78B-5BDF-4AC9-958F-CA75C65A573E}.Release|Any CPU.Build.0 = Release|Any CPU
		{3278A7A9-ADC9-4D86-BF67-17F2327420CB}.Debug|Any CPU.ActiveCfg = Debug|Any CPU
		{3278A7A9-ADC9-4D86-BF67-17F2327420CB}.Debug|Any CPU.Build.0 = Debug|Any CPU
		{3278A7A9-ADC9-4D86-BF67-17F2327420CB}.Release|Any CPU.ActiveCfg = Release|Any CPU
		{3278A7A9-ADC9-4D86-BF67-17F2327420CB}.Release|Any CPU.Build.0 = Release|Any CPU
		{5ACBEB64-41F2-437D-B4A2-8702E61B06C1}.Debug|Any CPU.ActiveCfg = Debug|Any CPU
		{5ACBEB64-41F2-437D-B4A2-8702E61B06C1}.Debug|Any CPU.Build.0 = Debug|Any CPU
		{5ACBEB64-41F2-437D-B4A2-8702E61B06C1}.Release|Any CPU.ActiveCfg = Release|Any CPU
		{5ACBEB64-41F2-437D-B4A2-8702E61B06C1}.Release|Any CPU.Build.0 = Release|Any CPU
	EndGlobalSection
	GlobalSection(SolutionProperties) = preSolution
		HideSolutionNode = FALSE
	EndGlobalSection
	GlobalSection(ExtensibilityGlobals) = postSolution
		SolutionGuid = {563C2A93-E04D-4DE2-A5FF-23F1E0B3C2C1}
	EndGlobalSection
EndGlobal
